
Microsoft Visual Studio Solution File, Format Version 10.00
# Visual C++ Express 2008
Project("{8BC9CEB8-8B4A-11D0-8D11-00A0C91BC942}") = "valuespit", "valuespit.vcproj", "{5BF87C8D-C355-4F60-A5B5-FF50A2A14413}"
EndProject
Global
	GlobalSection(SolutionConfigurationPlatforms) = preSolution
		Tasofro|Win32 = Tasofro|Win32
		TH06|Win32 = TH06|Win32
		TH07+|Win32 = TH07+|Win32
	EndGlobalSection
	GlobalSection(ProjectConfigurationPlatforms) = postSolution
		{5BF87C8D-C355-4F60-A5B5-FF50A2A14413}.Tasofro|Win32.ActiveCfg = Tasofro|Win32
		{5BF87C8D-C355-4F60-A5B5-FF50A2A14413}.Tasofro|Win32.Build.0 = Tasofro|Win32
		{5BF87C8D-C355-4F60-A5B5-FF50A2A14413}.TH06|Win32.ActiveCfg = TH06|Win32
		{5BF87C8D-C355-4F60-A5B5-FF50A2A14413}.TH06|Win32.Build.0 = TH06|Win32
		{5BF87C8D-C355-4F60-A5B5-FF50A2A14413}.TH07+|Win32.ActiveCfg = TH07+|Win32
		{5BF87C8D-C355-4F60-A5B5-FF50A2A14413}.TH07+|Win32.Build.0 = TH07+|Win32
	EndGlobalSection
	GlobalSection(SolutionProperties) = preSolution
		HideSolutionNode = FALSE
	EndGlobalSection
EndGlobal
